
Microsoft Visual Studio Solution File, Format Version 10.00
# Visual C++ Express 2008
Project("{8BC9CEB8-8B4A-11D0-8D11-00A0C91BC942}") = "npswitchproxy", "npswitchproxy.vcproj", "{2A26E3AB-1664-4474-87A6-2EFF2C85913A}"
EndProject
Project("{8BC9CEB8-8B4A-11D0-8D11-00A0C91BC942}") = "winproxy_test", "win\winproxy_test\winproxy_test.vcproj", "{745EB283-CBCB-44C6-8FF7-3D228F807A0F}"
	ProjectSection(ProjectDependencies) = postProject
		{2A26E3AB-1664-4474-87A6-2EFF2C85913A} = {2A26E3AB-1664-4474-87A6-2EFF2C85913A}
	EndProjectSection
EndProject
Global
	GlobalSection(SolutionConfigurationPlatforms) = preSolution
		Debug|Smartphone 2003 (ARMV4) = Debug|Smartphone 2003 (ARMV4)
		Debug|Win32 = Debug|Win32
		Release|Smartphone 2003 (ARMV4) = Release|Smartphone 2003 (ARMV4)
		Release|Win32 = Release|Win32
	EndGlobalSection
	GlobalSection(ProjectConfigurationPlatforms) = postSolution
		{2A26E3AB-1664-4474-87A6-2EFF2C85913A}.Debug|Smartphone 2003 (ARMV4).ActiveCfg = Debug|Win32
		{2A26E3AB-1664-4474-87A6-2EFF2C85913A}.Debug|Win32.ActiveCfg = Debug|Win32
		{2A26E3AB-1664-4474-87A6-2EFF2C85913A}.Debug|Win32.Build.0 = Debug|Win32
		{2A26E3AB-1664-4474-87A6-2EFF2C85913A}.Release|Smartphone 2003 (ARMV4).ActiveCfg = Release|Win32
		{2A26E3AB-1664-4474-87A6-2EFF2C85913A}.Release|Smartphone 2003 (ARMV4).Build.0 = Release|Win32
		{2A26E3AB-1664-4474-87A6-2EFF2C85913A}.Release|Win32.ActiveCfg = Release|Win32
		{2A26E3AB-1664-4474-87A6-2EFF2C85913A}.Release|Win32.Build.0 = Release|Win32
		{745EB283-CBCB-44C6-8FF7-3D228F807A0F}.Debug|Smartphone 2003 (ARMV4).ActiveCfg = Debug|Win32
		{745EB283-CBCB-44C6-8FF7-3D228F807A0F}.Debug|Win32.ActiveCfg = Debug|Win32
		{745EB283-CBCB-44C6-8FF7-3D228F807A0F}.Debug|Win32.Build.0 = Debug|Win32
		{745EB283-CBCB-44C6-8FF7-3D228F807A0F}.Release|Smartphone 2003 (ARMV4).ActiveCfg = Release|Win32
		{745EB283-CBCB-44C6-8FF7-3D228F807A0F}.Release|Win32.ActiveCfg = Release|Win32
		{745EB283-CBCB-44C6-8FF7-3D228F807A0F}.Release|Win32.Build.0 = Release|Win32
	EndGlobalSection
	GlobalSection(SolutionProperties) = preSolution
		HideSolutionNode = FALSE
	EndGlobalSection
EndGlobal
